
Microsoft Visual Studio Solution File, Format Version 12.00
# Visual Studio Version 17
VisualStudioVersion = 17.7.34009.444
MinimumVisualStudioVersion = 10.0.40219.1
Project("{FAE04EC0-301F-11D3-BF4B-00C04F79EFBC}") = "EmailSenderApp", "EmailSenderAppProd\EmailSenderApp.csproj", "{4BAB64D0-B873-411E-BDAE-4BA0E18045BB}"
EndProject
Global
	GlobalSection(SolutionConfigurationPlatforms) = preSolution
		Debug|Any CPU = Debug|Any CPU
		Release|Any CPU = Release|Any CPU
	EndGlobalSection
	GlobalSection(ProjectConfigurationPlatforms) = postSolution
		{4BAB64D0-B873-411E-BDAE-4BA0E18045BB}.Debug|Any CPU.ActiveCfg = Debug|Any CPU
		{4BAB64D0-B873-411E-BDAE-4BA0E18045BB}.Debug|Any CPU.Build.0 = Debug|Any CPU
		{4BAB64D0-B873-411E-BDAE-4BA0E18045BB}.Release|Any CPU.ActiveCfg = Release|Any CPU
		{4BAB64D0-B873-411E-BDAE-4BA0E18045BB}.Release|Any CPU.Build.0 = Release|Any CPU
	EndGlobalSection
	GlobalSection(SolutionProperties) = preSolution
		HideSolutionNode = FALSE
	EndGlobalSection
	GlobalSection(ExtensibilityGlobals) = postSolution
		SolutionGuid = {A76FD08D-3F0D-470D-B7EF-96E091C3F1E5}
	EndGlobalSection
EndGlobal
